// !$*UTF8*$!
{
	archiveVersion = 1;
	classes = {
	};
	objectVersion = 46;
	objects = {

/* Begin PBXBuildFile section */
		102F41E9282472FCB284AE90 /* libPods-mahjong_scorereTests.a in Frameworks */ = {isa = PBXBuildFile; fileRef = 924BB4BB0CDB9703981C48B1 /* libPods-mahjong_scorereTests.a */; };
		641A3D021BF0473E0042F042 /* ShiharaiViewController.swift in Sources */ = {isa = PBXBuildFile; fileRef = 641A3D011BF0473E0042F042 /* ShiharaiViewController.swift */; };
		64493B9A1BE3CEB600BA7E77 /* Player.swift in Sources */ = {isa = PBXBuildFile; fileRef = 64493B991BE3CEB600BA7E77 /* Player.swift */; };
		646F94F11BFEFEB100243244 /* detail.swift in Sources */ = {isa = PBXBuildFile; fileRef = 646F94F01BFEFEB100243244 /* detail.swift */; };
		646F95241C04314D00243244 /* Charts.framework in Frameworks */ = {isa = PBXBuildFile; fileRef = 646F951F1C04310100243244 /* Charts.framework */; };
		646F95251C04314D00243244 /* Charts.framework in Embed Frameworks */ = {isa = PBXBuildFile; fileRef = 646F951F1C04310100243244 /* Charts.framework */; settings = {ATTRIBUTES = (CodeSignOnCopy, RemoveHeadersOnCopy, ); }; };
		6486EDE81BDE1EDF004B5DCF /* AppDelegate.swift in Sources */ = {isa = PBXBuildFile; fileRef = 6486EDE71BDE1EDF004B5DCF /* AppDelegate.swift */; };
		6486EDEB1BDE1EDF004B5DCF /* mahjong_scorere.xcdatamodeld in Sources */ = {isa = PBXBuildFile; fileRef = 6486EDE91BDE1EDF004B5DCF /* mahjong_scorere.xcdatamodeld */; };
		6486EDED1BDE1EDF004B5DCF /* ViewController.swift in Sources */ = {isa = PBXBuildFile; fileRef = 6486EDEC1BDE1EDF004B5DCF /* ViewController.swift */; };
		6486EDF01BDE1EDF004B5DCF /* Main.storyboard in Resources */ = {isa = PBXBuildFile; fileRef = 6486EDEE1BDE1EDF004B5DCF /* Main.storyboard */; };
		6486EDF21BDE1EDF004B5DCF /* Images.xcassets in Resources */ = {isa = PBXBuildFile; fileRef = 6486EDF11BDE1EDF004B5DCF /* Images.xcassets */; };
		6486EDF51BDE1EDF004B5DCF /* LaunchScreen.xib in Resources */ = {isa = PBXBuildFile; fileRef = 6486EDF31BDE1EDF004B5DCF /* LaunchScreen.xib */; };
		6486EE011BDE1EDF004B5DCF /* mahjong_scorereTests.swift in Sources */ = {isa = PBXBuildFile; fileRef = 6486EE001BDE1EDF004B5DCF /* mahjong_scorereTests.swift */; };
		6486EE0C1BDE1FC9004B5DCF /* SankasyaViewControllerTableViewController.swift in Sources */ = {isa = PBXBuildFile; fileRef = 6486EE0A1BDE1FC9004B5DCF /* SankasyaViewControllerTableViewController.swift */; };
		6486EE0D1BDE1FC9004B5DCF /* SankasyaViewControllerTableViewController.xib in Resources */ = {isa = PBXBuildFile; fileRef = 6486EE0B1BDE1FC9004B5DCF /* SankasyaViewControllerTableViewController.xib */; };
		6486EE101BDE1FF5004B5DCF /* KekkaViewController.swift in Sources */ = {isa = PBXBuildFile; fileRef = 6486EE0E1BDE1FF5004B5DCF /* KekkaViewController.swift */; };
		6486EE111BDE1FF5004B5DCF /* KekkaViewController.xib in Resources */ = {isa = PBXBuildFile; fileRef = 6486EE0F1BDE1FF5004B5DCF /* KekkaViewController.xib */; };
		91BC86A5BE0AD08F507D7442 /* Pods.framework in Frameworks */ = {isa = PBXBuildFile; fileRef = 72D17BE60BC8D94933561094 /* Pods.framework */; };
/* End PBXBuildFile section */

/* Begin PBXContainerItemProxy section */
		646F951E1C04310100243244 /* PBXContainerItemProxy */ = {
			isa = PBXContainerItemProxy;
			containerPortal = 646F95181C04310100243244 /* Charts.xcodeproj */;
			proxyType = 2;
			remoteGlobalIDString = 5BA8EC401A9D14DC00CE82E1;
			remoteInfo = "Charts-iOS";
		};
		646F95201C04310100243244 /* PBXContainerItemProxy */ = {
			isa = PBXContainerItemProxy;
			containerPortal = 646F95181C04310100243244 /* Charts.xcodeproj */;
			proxyType = 2;
			remoteGlobalIDString = A52C5C371BAC5CA400594CDD;
			remoteInfo = "Charts-TV";
		};
		646F95221C04310100243244 /* PBXContainerItemProxy */ = {
			isa = PBXContainerItemProxy;
			containerPortal = 646F95181C04310100243244 /* Charts.xcodeproj */;
			proxyType = 2;
			remoteGlobalIDString = 06AEE7A21BDC3F8B009875AE;
			remoteInfo = ChartsTests;
		};
		646F95261C04314D00243244 /* PBXContainerItemProxy */ = {
			isa = PBXContainerItemProxy;
			containerPortal = 646F95181C04310100243244 /* Charts.xcodeproj */;
			proxyType = 1;
			remoteGlobalIDString = 5BA8EC3F1A9D14DC00CE82E1;
			remoteInfo = "Charts-iOS";
		};
		6486EDFB1BDE1EDF004B5DCF /* PBXContainerItemProxy */ = {
			isa = PBXContainerItemProxy;
			containerPortal = 6486EDDA1BDE1EDF004B5DCF /* Project object */;
			proxyType = 1;
			remoteGlobalIDString = 6486EDE11BDE1EDF004B5DCF;
			remoteInfo = mahjong_scorere;
		};
/* End PBXContainerItemProxy section */

/* Begin PBXCopyFilesBuildPhase section */
		646F95281C04314D00243244 /* Embed Frameworks */ = {
			isa = PBXCopyFilesBuildPhase;
			buildActionMask = 2147483647;
			dstPath = "";
			dstSubfolderSpec = 10;
			files = (
				646F95251C04314D00243244 /* Charts.framework in Embed Frameworks */,
			);
			name = "Embed Frameworks";
			runOnlyForDeploymentPostprocessing = 0;
		};
/* End PBXCopyFilesBuildPhase section */

/* Begin PBXFileReference section */
		085111784507581E296C430A /* Pods.debug.xcconfig */ = {isa = PBXFileReference; includeInIndex = 1; lastKnownFileType = text.xcconfig; name = Pods.debug.xcconfig; path = "Pods/Target Support Files/Pods/Pods.debug.xcconfig"; sourceTree = "<group>"; };
		1C11616C9E248C76177752FB /* libPods-mahjong_scorere.a */ = {isa = PBXFileReference; explicitFileType = archive.ar; includeInIndex = 0; path = "libPods-mahjong_scorere.a"; sourceTree = BUILT_PRODUCTS_DIR; };
		641A3D011BF0473E0042F042 /* ShiharaiViewController.swift */ = {isa = PBXFileReference; fileEncoding = 4; lastKnownFileType = sourcecode.swift; path = ShiharaiViewController.swift; sourceTree = "<group>"; };
		6421BD061BE5DB8A00D22FD7 /* mahjong_scorere_Bridging_Header.h */ = {isa = PBXFileReference; lastKnownFileType = sourcecode.c.h; path = mahjong_scorere_Bridging_Header.h; sourceTree = "<group>"; };
		64493B991BE3CEB600BA7E77 /* Player.swift */ = {isa = PBXFileReference; fileEncoding = 4; lastKnownFileType = sourcecode.swift; path = Player.swift; sourceTree = "<group>"; };
		646F94F01BFEFEB100243244 /* detail.swift */ = {isa = PBXFileReference; fileEncoding = 4; lastKnownFileType = sourcecode.swift; path = detail.swift; sourceTree = "<group>"; };
		646F95181C04310100243244 /* Charts.xcodeproj */ = {isa = PBXFileReference; lastKnownFileType = "wrapper.pb-project"; name = Charts.xcodeproj; path = Charts/Charts.xcodeproj; sourceTree = SOURCE_ROOT; };
		6486EDE21BDE1EDF004B5DCF /* mahjong_scorere.app */ = {isa = PBXFileReference; explicitFileType = wrapper.application; includeInIndex = 0; path = mahjong_scorere.app; sourceTree = BUILT_PRODUCTS_DIR; };
		6486EDE61BDE1EDF004B5DCF /* Info.plist */ = {isa = PBXFileReference; lastKnownFileType = text.plist.xml; path = Info.plist; sourceTree = "<group>"; };
		6486EDE71BDE1EDF004B5DCF /* AppDelegate.swift */ = {isa = PBXFileReference; lastKnownFileType = sourcecode.swift; path = AppDelegate.swift; sourceTree = "<group>"; };
		6486EDEA1BDE1EDF004B5DCF /* mahjong_scorere.xcdatamodel */ = {isa = PBXFileReference; lastKnownFileType = wrapper.xcdatamodel; path = mahjong_scorere.xcdatamodel; sourceTree = "<group>"; };
		6486EDEC1BDE1EDF004B5DCF /* ViewController.swift */ = {isa = PBXFileReference; lastKnownFileType = sourcecode.swift; path = ViewController.swift; sourceTree = "<group>"; };
		6486EDEF1BDE1EDF004B5DCF /* Base */ = {isa = PBXFileReference; lastKnownFileType = file.storyboard; name = Base; path = Base.lproj/Main.storyboard; sourceTree = "<group>"; };
		6486EDF11BDE1EDF004B5DCF /* Images.xcassets */ = {isa = PBXFileReference; lastKnownFileType = folder.assetcatalog; path = Images.xcassets; sourceTree = "<group>"; };
		6486EDF41BDE1EDF004B5DCF /* Base */ = {isa = PBXFileReference; lastKnownFileType = file.xib; name = Base; path = Base.lproj/LaunchScreen.xib; sourceTree = "<group>"; };
		6486EDFA1BDE1EDF004B5DCF /* mahjong_scorereTests.xctest */ = {isa = PBXFileReference; explicitFileType = wrapper.cfbundle; includeInIndex = 0; path = mahjong_scorereTests.xctest; sourceTree = BUILT_PRODUCTS_DIR; };
		6486EDFF1BDE1EDF004B5DCF /* Info.plist */ = {isa = PBXFileReference; lastKnownFileType = text.plist.xml; path = Info.plist; sourceTree = "<group>"; };
		6486EE001BDE1EDF004B5DCF /* mahjong_scorereTests.swift */ = {isa = PBXFileReference; lastKnownFileType = sourcecode.swift; path = mahjong_scorereTests.swift; sourceTree = "<group>"; };
		6486EE0A1BDE1FC9004B5DCF /* SankasyaViewControllerTableViewController.swift */ = {isa = PBXFileReference; fileEncoding = 4; lastKnownFileType = sourcecode.swift; lineEnding = 0; path = SankasyaViewControllerTableViewController.swift; sourceTree = "<group>"; xcLanguageSpecificationIdentifier = xcode.lang.swift; };
		6486EE0B1BDE1FC9004B5DCF /* SankasyaViewControllerTableViewController.xib */ = {isa = PBXFileReference; fileEncoding = 4; lastKnownFileType = file.xib; path = SankasyaViewControllerTableViewController.xib; sourceTree = "<group>"; };
		6486EE0E1BDE1FF5004B5DCF /* KekkaViewController.swift */ = {isa = PBXFileReference; fileEncoding = 4; lastKnownFileType = sourcecode.swift; lineEnding = 0; path = KekkaViewController.swift; sourceTree = "<group>"; xcLanguageSpecificationIdentifier = xcode.lang.swift; };
		6486EE0F1BDE1FF5004B5DCF /* KekkaViewController.xib */ = {isa = PBXFileReference; fileEncoding = 4; lastKnownFileType = file.xib; path = KekkaViewController.xib; sourceTree = "<group>"; };
		72D17BE60BC8D94933561094 /* Pods.framework */ = {isa = PBXFileReference; explicitFileType = wrapper.framework; includeInIndex = 0; path = Pods.framework; sourceTree = BUILT_PRODUCTS_DIR; };
		781F9013CB7B8BEEA8CF02AE /* Pods-mahjong_scorereTests.debug.xcconfig */ = {isa = PBXFileReference; includeInIndex = 1; lastKnownFileType = text.xcconfig; name = "Pods-mahjong_scorereTests.debug.xcconfig"; path = "Pods/Target Support Files/Pods-mahjong_scorereTests/Pods-mahjong_scorereTests.debug.xcconfig"; sourceTree = "<group>"; };
		8F1ADD5A0D80CFD9362051C7 /* Pods.release.xcconfig */ = {isa = PBXFileReference; includeInIndex = 1; lastKnownFileType = text.xcconfig; name = Pods.release.xcconfig; path = "Pods/Target Support Files/Pods/Pods.release.xcconfig"; sourceTree = "<group>"; };
		924BB4BB0CDB9703981C48B1 /* libPods-mahjong_scorereTests.a */ = {isa = PBXFileReference; explicitFileType = archive.ar; includeInIndex = 0; path = "libPods-mahjong_scorereTests.a"; sourceTree = BUILT_PRODUCTS_DIR; };
		A1A2215B8D0498EC88A1EB0B /* Pods-mahjong_scorereTests.release.xcconfig */ = {isa = PBXFileReference; includeInIndex = 1; lastKnownFileType = text.xcconfig; name = "Pods-mahjong_scorereTests.release.xcconfig"; path = "Pods/Target Support Files/Pods-mahjong_scorereTests/Pods-mahjong_scorereTests.release.xcconfig"; sourceTree = "<group>"; };
/* End PBXFileReference section */

/* Begin PBXFrameworksBuildPhase section */
		6486EDDF1BDE1EDF004B5DCF /* Frameworks */ = {
			isa = PBXFrameworksBuildPhase;
			buildActionMask = 2147483647;
			files = (
				646F95241C04314D00243244 /* Charts.framework in Frameworks */,
				91BC86A5BE0AD08F507D7442 /* Pods.framework in Frameworks */,
			);
			runOnlyForDeploymentPostprocessing = 0;
		};
		6486EDF71BDE1EDF004B5DCF /* Frameworks */ = {
			isa = PBXFrameworksBuildPhase;
			buildActionMask = 2147483647;
			files = (
				102F41E9282472FCB284AE90 /* libPods-mahjong_scorereTests.a in Frameworks */,
			);
			runOnlyForDeploymentPostprocessing = 0;
		};
/* End PBXFrameworksBuildPhase section */

/* Begin PBXGroup section */
		03C91F60EFF879B770BA7E18 /* Pods */ = {
			isa = PBXGroup;
			children = (
				085111784507581E296C430A /* Pods.debug.xcconfig */,
				8F1ADD5A0D80CFD9362051C7 /* Pods.release.xcconfig */,
				781F9013CB7B8BEEA8CF02AE /* Pods-mahjong_scorereTests.debug.xcconfig */,
				A1A2215B8D0498EC88A1EB0B /* Pods-mahjong_scorereTests.release.xcconfig */,
			);
			name = Pods;
			sourceTree = "<group>";
		};
		646F95191C04310100243244 /* Products */ = {
			isa = PBXGroup;
			children = (
				646F951F1C04310100243244 /* Charts.framework */,
				646F95211C04310100243244 /* Charts.framework */,
				646F95231C04310100243244 /* ChartsTests.xctest */,
			);
			name = Products;
			sourceTree = "<group>";
		};
		6486EDD91BDE1EDF004B5DCF = {
			isa = PBXGroup;
			children = (
				6486EDE41BDE1EDF004B5DCF /* mahjong_scorere */,
				646F95181C04310100243244 /* Charts.xcodeproj */,
				6486EDFD1BDE1EDF004B5DCF /* mahjong_scorereTests */,
				6486EDE31BDE1EDF004B5DCF /* Products */,
				03C91F60EFF879B770BA7E18 /* Pods */,
				8CC6961C8E6158668A0AD353 /* Frameworks */,
			);
			sourceTree = "<group>";
		};
		6486EDE31BDE1EDF004B5DCF /* Products */ = {
			isa = PBXGroup;
			children = (
				6486EDE21BDE1EDF004B5DCF /* mahjong_scorere.app */,
				6486EDFA1BDE1EDF004B5DCF /* mahjong_scorereTests.xctest */,
			);
			name = Products;
			sourceTree = "<group>";
		};
		6486EDE41BDE1EDF004B5DCF /* mahjong_scorere */ = {
			isa = PBXGroup;
			children = (
				6421BD061BE5DB8A00D22FD7 /* mahjong_scorere_Bridging_Header.h */,
				6486EDE71BDE1EDF004B5DCF /* AppDelegate.swift */,
				6486EDEC1BDE1EDF004B5DCF /* ViewController.swift */,
				6486EDEE1BDE1EDF004B5DCF /* Main.storyboard */,
				64493B991BE3CEB600BA7E77 /* Player.swift */,
				6486EDF11BDE1EDF004B5DCF /* Images.xcassets */,
				6486EDF31BDE1EDF004B5DCF /* LaunchScreen.xib */,
				6486EDE91BDE1EDF004B5DCF /* mahjong_scorere.xcdatamodeld */,
				6486EE171BDE2024004B5DCF /* Sankasya */,
				6486EE181BDE204B004B5DCF /* Kekka */,
				6486EE161BDE201A004B5DCF /* Siharai */,
				6486EDE51BDE1EDF004B5DCF /* Supporting Files */,
			);
			path = mahjong_scorere;
			sourceTree = "<group>";
		};
		6486EDE51BDE1EDF004B5DCF /* Supporting Files */ = {
			isa = PBXGroup;
			children = (
				6486EDE61BDE1EDF004B5DCF /* Info.plist */,
			);
			name = "Supporting Files";
			sourceTree = "<group>";
		};
		6486EDFD1BDE1EDF004B5DCF /* mahjong_scorereTests */ = {
			isa = PBXGroup;
			children = (
				6486EE001BDE1EDF004B5DCF /* mahjong_scorereTests.swift */,
				6486EDFE1BDE1EDF004B5DCF /* Supporting Files */,
			);
			path = mahjong_scorereTests;
			sourceTree = "<group>";
		};
		6486EDFE1BDE1EDF004B5DCF /* Supporting Files */ = {
			isa = PBXGroup;
			children = (
				6486EDFF1BDE1EDF004B5DCF /* Info.plist */,
			);
			name = "Supporting Files";
			sourceTree = "<group>";
		};
		6486EE161BDE201A004B5DCF /* Siharai */ = {
			isa = PBXGroup;
			children = (
				641A3D011BF0473E0042F042 /* ShiharaiViewController.swift */,
			);
			name = Siharai;
			sourceTree = "<group>";
		};
		6486EE171BDE2024004B5DCF /* Sankasya */ = {
			isa = PBXGroup;
			children = (
				6486EE0A1BDE1FC9004B5DCF /* SankasyaViewControllerTableViewController.swift */,
				6486EE0B1BDE1FC9004B5DCF /* SankasyaViewControllerTableViewController.xib */,
				646F94F01BFEFEB100243244 /* detail.swift */,
			);
			name = Sankasya;
			sourceTree = "<group>";
		};
		6486EE181BDE204B004B5DCF /* Kekka */ = {
			isa = PBXGroup;
			children = (
				6486EE0E1BDE1FF5004B5DCF /* KekkaViewController.swift */,
				6486EE0F1BDE1FF5004B5DCF /* KekkaViewController.xib */,
			);
			name = Kekka;
			sourceTree = "<group>";
		};
		8CC6961C8E6158668A0AD353 /* Frameworks */ = {
			isa = PBXGroup;
			children = (
				1C11616C9E248C76177752FB /* libPods-mahjong_scorere.a */,
				924BB4BB0CDB9703981C48B1 /* libPods-mahjong_scorereTests.a */,
				72D17BE60BC8D94933561094 /* Pods.framework */,
			);
			name = Frameworks;
			sourceTree = "<group>";
		};
/* End PBXGroup section */

/* Begin PBXNativeTarget section */
		6486EDE11BDE1EDF004B5DCF /* mahjong_scorere */ = {
			isa = PBXNativeTarget;
			buildConfigurationList = 6486EE041BDE1EDF004B5DCF /* Build configuration list for PBXNativeTarget "mahjong_scorere" */;
			buildPhases = (
				141CFBD2473113ECEE15C374 /* Check Pods Manifest.lock */,
				6486EDDE1BDE1EDF004B5DCF /* Sources */,
				6486EDDF1BDE1EDF004B5DCF /* Frameworks */,
				6486EDE01BDE1EDF004B5DCF /* Resources */,
				A82723583B9766EA478903CB /* Embed Pods Frameworks */,
				A2ECF9598E3F3878E0314A53 /* Copy Pods Resources */,
				646F95281C04314D00243244 /* Embed Frameworks */,
			);
			buildRules = (
			);
			dependencies = (
				646F95271C04314D00243244 /* PBXTargetDependency */,
			);
			name = mahjong_scorere;
			productName = mahjong_scorere;
			productReference = 6486EDE21BDE1EDF004B5DCF /* mahjong_scorere.app */;
			productType = "com.apple.product-type.application";
		};
		6486EDF91BDE1EDF004B5DCF /* mahjong_scorereTests */ = {
			isa = PBXNativeTarget;
			buildConfigurationList = 6486EE071BDE1EDF004B5DCF /* Build configuration list for PBXNativeTarget "mahjong_scorereTests" */;
			buildPhases = (
				CCAD42A913B64C2F8BDB4945 /* Check Pods Manifest.lock */,
				6486EDF61BDE1EDF004B5DCF /* Sources */,
				6486EDF71BDE1EDF004B5DCF /* Frameworks */,
				6486EDF81BDE1EDF004B5DCF /* Resources */,
				54858BDF0A27258223E62CB5 /* Embed Pods Frameworks */,
				8774BEB379EA2F91417167C2 /* Copy Pods Resources */,
			);
			buildRules = (
			);
			dependencies = (
				6486EDFC1BDE1EDF004B5DCF /* PBXTargetDependency */,
			);
			name = mahjong_scorereTests;
			productName = mahjong_scorereTests;
			productReference = 6486EDFA1BDE1EDF004B5DCF /* mahjong_scorereTests.xctest */;
			productType = "com.apple.product-type.bundle.unit-test";
		};
/* End PBXNativeTarget section */

/* Begin PBXProject section */
		6486EDDA1BDE1EDF004B5DCF /* Project object */ = {
			isa = PBXProject;
			attributes = {
				LastSwiftUpdateCheck = 0710;
				LastUpgradeCheck = 0710;
				ORGANIZATIONNAME = "Tomoya Yoshizawa";
				TargetAttributes = {
					6486EDE11BDE1EDF004B5DCF = {
						CreatedOnToolsVersion = 6.4;
						DevelopmentTeam = 752SY37786;
					};
					6486EDF91BDE1EDF004B5DCF = {
						CreatedOnToolsVersion = 6.4;
						TestTargetID = 6486EDE11BDE1EDF004B5DCF;
					};
				};
			};
			buildConfigurationList = 6486EDDD1BDE1EDF004B5DCF /* Build configuration list for PBXProject "mahjong_scorere" */;
			compatibilityVersion = "Xcode 3.2";
			developmentRegion = English;
			hasScannedForEncodings = 0;
			knownRegions = (
				en,
				Base,
			);
			mainGroup = 6486EDD91BDE1EDF004B5DCF;
			productRefGroup = 6486EDE31BDE1EDF004B5DCF /* Products */;
			projectDirPath = "";
			projectReferences = (
				{
					ProductGroup = 646F95191C04310100243244 /* Products */;
					ProjectRef = 646F95181C04310100243244 /* Charts.xcodeproj */;
				},
			);
			projectRoot = "";
			targets = (
				6486EDE11BDE1EDF004B5DCF /* mahjong_scorere */,
				6486EDF91BDE1EDF004B5DCF /* mahjong_scorereTests */,
			);
		};
/* End PBXProject section */

/* Begin PBXReferenceProxy section */
		646F951F1C04310100243244 /* Charts.framework */ = {
			isa = PBXReferenceProxy;
			fileType = wrapper.framework;
			path = Charts.framework;
			remoteRef = 646F951E1C04310100243244 /* PBXContainerItemProxy */;
			sourceTree = BUILT_PRODUCTS_DIR;
		};
		646F95211C04310100243244 /* Charts.framework */ = {
			isa = PBXReferenceProxy;
			fileType = wrapper.framework;
			path = Charts.framework;
			remoteRef = 646F95201C04310100243244 /* PBXContainerItemProxy */;
			sourceTree = BUILT_PRODUCTS_DIR;
		};
		646F95231C04310100243244 /* ChartsTests.xctest */ = {
			isa = PBXReferenceProxy;
			fileType = wrapper.cfbundle;
			path = ChartsTests.xctest;
			remoteRef = 646F95221C04310100243244 /* PBXContainerItemProxy */;
			sourceTree = BUILT_PRODUCTS_DIR;
		};
/* End PBXReferenceProxy section */

/* Begin PBXResourcesBuildPhase section */
		6486EDE01BDE1EDF004B5DCF /* Resources */ = {
			isa = PBXResourcesBuildPhase;
			buildActionMask = 2147483647;
			files = (
				6486EDF01BDE1EDF004B5DCF /* Main.storyboard in Resources */,
				6486EDF51BDE1EDF004B5DCF /* LaunchScreen.xib in Resources */,
				6486EDF21BDE1EDF004B5DCF /* Images.xcassets in Resources */,
				6486EE0D1BDE1FC9004B5DCF /* SankasyaViewControllerTableViewController.xib in Resources */,
				6486EE111BDE1FF5004B5DCF /* KekkaViewController.xib in Resources */,
			);
			runOnlyForDeploymentPostprocessing = 0;
		};
		6486EDF81BDE1EDF004B5DCF /* Resources */ = {
			isa = PBXResourcesBuildPhase;
			buildActionMask = 2147483647;
			files = (
			);
			runOnlyForDeploymentPostprocessing = 0;
		};
/* End PBXResourcesBuildPhase section */

/* Begin PBXShellScriptBuildPhase section */
		141CFBD2473113ECEE15C374 /* Check Pods Manifest.lock */ = {
			isa = PBXShellScriptBuildPhase;
			buildActionMask = 2147483647;
			files = (
			);
			inputPaths = (
			);
			name = "Check Pods Manifest.lock";
			outputPaths = (
			);
			runOnlyForDeploymentPostprocessing = 0;
			shellPath = /bin/sh;
			shellScript = "diff \"${PODS_ROOT}/../Podfile.lock\" \"${PODS_ROOT}/Manifest.lock\" > /dev/null\nif [[ $? != 0 ]] ; then\n    cat << EOM\nerror: The sandbox is not in sync with the Podfile.lock. Run 'pod install' or update your CocoaPods installation.\nEOM\n    exit 1\nfi\n";
			showEnvVarsInLog = 0;
		};
		54858BDF0A27258223E62CB5 /* Embed Pods Frameworks */ = {
			isa = PBXShellScriptBuildPhase;
			buildActionMask = 2147483647;
			files = (
			);
			inputPaths = (
			);
			name = "Embed Pods Frameworks";
			outputPaths = (
			);
			runOnlyForDeploymentPostprocessing = 0;
			shellPath = /bin/sh;
			shellScript = "\"${SRCROOT}/Pods/Target Support Files/Pods-mahjong_scorereTests/Pods-mahjong_scorereTests-frameworks.sh\"\n";
			showEnvVarsInLog = 0;
		};
		8774BEB379EA2F91417167C2 /* Copy Pods Resources */ = {
			isa = PBXShellScriptBuildPhase;
			buildActionMask = 2147483647;
			files = (
			);
			inputPaths = (
			);
			name = "Copy Pods Resources";
			outputPaths = (
			);
			runOnlyForDeploymentPostprocessing = 0;
			shellPath = /bin/sh;
			shellScript = "\"${SRCROOT}/Pods/Target Support Files/Pods-mahjong_scorereTests/Pods-mahjong_scorereTests-resources.sh\"\n";
			showEnvVarsInLog = 0;
		};
		A2ECF9598E3F3878E0314A53 /* Copy Pods Resources */ = {
			isa = PBXShellScriptBuildPhase;
			buildActionMask = 2147483647;
			files = (
			);
			inputPaths = (
			);
			name = "Copy Pods Resources";
			outputPaths = (
			);
			runOnlyForDeploymentPostprocessing = 0;
			shellPath = /bin/sh;
			shellScript = "\"${SRCROOT}/Pods/Target Support Files/Pods/Pods-resources.sh\"\n";
			showEnvVarsInLog = 0;
		};
		A82723583B9766EA478903CB /* Embed Pods Frameworks */ = {
			isa = PBXShellScriptBuildPhase;
			buildActionMask = 2147483647;
			files = (
			);
			inputPaths = (
			);
			name = "Embed Pods Frameworks";
			outputPaths = (
			);
			runOnlyForDeploymentPostprocessing = 0;
			shellPath = /bin/sh;
			shellScript = "\"${SRCROOT}/Pods/Target Support Files/Pods/Pods-frameworks.sh\"\n";
			showEnvVarsInLog = 0;
		};
		CCAD42A913B64C2F8BDB4945 /* Check Pods Manifest.lock */ = {
			isa = PBXShellScriptBuildPhase;
			buildActionMask = 2147483647;
			files = (
			);
			inputPaths = (
			);
			name = "Check Pods Manifest.lock";
			outputPaths = (
			);
			runOnlyForDeploymentPostprocessing = 0;
			shellPath = /bin/sh;
			shellScript = "diff \"${PODS_ROOT}/../Podfile.lock\" \"${PODS_ROOT}/Manifest.lock\" > /dev/null\nif [[ $? != 0 ]] ; then\n    cat << EOM\nerror: The sandbox is not in sync with the Podfile.lock. Run 'pod install' or update your CocoaPods installation.\nEOM\n    exit 1\nfi\n";
			showEnvVarsInLog = 0;
		};
/* End PBXShellScriptBuildPhase section */

/* Begin PBXSourcesBuildPhase section */
		6486EDDE1BDE1EDF004B5DCF /* Sources */ = {
			isa = PBXSourcesBuildPhase;
			buildActionMask = 2147483647;
			files = (
				6486EDED1BDE1EDF004B5DCF /* ViewController.swift in Sources */,
				6486EDEB1BDE1EDF004B5DCF /* mahjong_scorere.xcdatamodeld in Sources */,
				646F94F11BFEFEB100243244 /* detail.swift in Sources */,
				6486EDE81BDE1EDF004B5DCF /* AppDelegate.swift in Sources */,
				6486EE0C1BDE1FC9004B5DCF /* SankasyaViewControllerTableViewController.swift in Sources */,
				64493B9A1BE3CEB600BA7E77 /* Player.swift in Sources */,
				6486EE101BDE1FF5004B5DCF /* KekkaViewController.swift in Sources */,
				641A3D021BF0473E0042F042 /* ShiharaiViewController.swift in Sources */,
			);
			runOnlyForDeploymentPostprocessing = 0;
		};
		6486EDF61BDE1EDF004B5DCF /* Sources */ = {
			isa = PBXSourcesBuildPhase;
			buildActionMask = 2147483647;
			files = (
				6486EE011BDE1EDF004B5DCF /* mahjong_scorereTests.swift in Sources */,
			);
			runOnlyForDeploymentPostprocessing = 0;
		};
/* End PBXSourcesBuildPhase section */

/* Begin PBXTargetDependency section */
		646F95271C04314D00243244 /* PBXTargetDependency */ = {
			isa = PBXTargetDependency;
			name = "Charts-iOS";
			targetProxy = 646F95261C04314D00243244 /* PBXContainerItemProxy */;
		};
		6486EDFC1BDE1EDF004B5DCF /* PBXTargetDependency */ = {
			isa = PBXTargetDependency;
			target = 6486EDE11BDE1EDF004B5DCF /* mahjong_scorere */;
			targetProxy = 6486EDFB1BDE1EDF004B5DCF /* PBXContainerItemProxy */;
		};
/* End PBXTargetDependency section */

/* Begin PBXVariantGroup section */
		6486EDEE1BDE1EDF004B5DCF /* Main.storyboard */ = {
			isa = PBXVariantGroup;
			children = (
				6486EDEF1BDE1EDF004B5DCF /* Base */,
			);
			name = Main.storyboard;
			sourceTree = "<group>";
		};
		6486EDF31BDE1EDF004B5DCF /* LaunchScreen.xib */ = {
			isa = PBXVariantGroup;
			children = (
				6486EDF41BDE1EDF004B5DCF /* Base */,
			);
			name = LaunchScreen.xib;
			sourceTree = "<group>";
		};
/* End PBXVariantGroup section */

/* Begin XCBuildConfiguration section */
		6486EE021BDE1EDF004B5DCF /* Debug */ = {
			isa = XCBuildConfiguration;
			buildSettings = {
				ALWAYS_SEARCH_USER_PATHS = NO;
				CLANG_CXX_LANGUAGE_STANDARD = "gnu++0x";
				CLANG_CXX_LIBRARY = "libc++";
				CLANG_ENABLE_MODULES = YES;
				CLANG_ENABLE_OBJC_ARC = YES;
				CLANG_WARN_BOOL_CONVERSION = YES;
				CLANG_WARN_CONSTANT_CONVERSION = YES;
				CLANG_WARN_DIRECT_OBJC_ISA_USAGE = YES_ERROR;
				CLANG_WARN_EMPTY_BODY = YES;
				CLANG_WARN_ENUM_CONVERSION = YES;
				CLANG_WARN_INT_CONVERSION = YES;
				CLANG_WARN_OBJC_ROOT_CLASS = YES_ERROR;
				CLANG_WARN_UNREACHABLE_CODE = YES;
				CLANG_WARN__DUPLICATE_METHOD_MATCH = YES;
				"CODE_SIGN_IDENTITY[sdk=iphoneos*]" = "iPhone Developer";
				COPY_PHASE_STRIP = NO;
				DEBUG_INFORMATION_FORMAT = "dwarf-with-dsym";
				ENABLE_STRICT_OBJC_MSGSEND = YES;
				ENABLE_TESTABILITY = YES;
				GCC_C_LANGUAGE_STANDARD = gnu99;
				GCC_DYNAMIC_NO_PIC = NO;
				GCC_NO_COMMON_BLOCKS = YES;
				GCC_OPTIMIZATION_LEVEL = 0;
				GCC_PREPROCESSOR_DEFINITIONS = (
					"DEBUG=1",
					"$(inherited)",
				);
				GCC_SYMBOLS_PRIVATE_EXTERN = NO;
				GCC_WARN_64_TO_32_BIT_CONVERSION = YES;
				GCC_WARN_ABOUT_RETURN_TYPE = YES_ERROR;
				GCC_WARN_UNDECLARED_SELECTOR = YES;
				GCC_WARN_UNINITIALIZED_AUTOS = YES_AGGRESSIVE;
				GCC_WARN_UNUSED_FUNCTION = YES;
				GCC_WARN_UNUSED_VARIABLE = YES;
				IPHONEOS_DEPLOYMENT_TARGET = 8.4;
				MTL_ENABLE_DEBUG_INFO = YES;
				ONLY_ACTIVE_ARCH = YES;
				SDKROOT = iphoneos;
				SWIFT_OPTIMIZATION_LEVEL = "-Onone";
			};
			name = Debug;
		};
		6486EE031BDE1EDF004B5DCF /* Release */ = {
			isa = XCBuildConfiguration;
			buildSettings = {
				ALWAYS_SEARCH_USER_PATHS = NO;
				CLANG_CXX_LANGUAGE_STANDARD = "gnu++0x";
				CLANG_CXX_LIBRARY = "libc++";
				CLANG_ENABLE_MODULES = YES;
				CLANG_ENABLE_OBJC_ARC = YES;
				CLANG_WARN_BOOL_CONVERSION = YES;
				CLANG_WARN_CONSTANT_CONVERSION = YES;
				CLANG_WARN_DIRECT_OBJC_ISA_USAGE = YES_ERROR;
				CLANG_WARN_EMPTY_BODY = YES;
				CLANG_WARN_ENUM_CONVERSION = YES;
				CLANG_WARN_INT_CONVERSION = YES;
				CLANG_WARN_OBJC_ROOT_CLASS = YES_ERROR;
				CLANG_WARN_UNREACHABLE_CODE = YES;
				CLANG_WARN__DUPLICATE_METHOD_MATCH = YES;
				"CODE_SIGN_IDENTITY[sdk=iphoneos*]" = "iPhone Developer";
				COPY_PHASE_STRIP = NO;
				DEBUG_INFORMATION_FORMAT = "dwarf-with-dsym";
				ENABLE_NS_ASSERTIONS = NO;
				ENABLE_STRICT_OBJC_MSGSEND = YES;
				GCC_C_LANGUAGE_STANDARD = gnu99;
				GCC_NO_COMMON_BLOCKS = YES;
				GCC_WARN_64_TO_32_BIT_CONVERSION = YES;
				GCC_WARN_ABOUT_RETURN_TYPE = YES_ERROR;
				GCC_WARN_UNDECLARED_SELECTOR = YES;
				GCC_WARN_UNINITIALIZED_AUTOS = YES_AGGRESSIVE;
				GCC_WARN_UNUSED_FUNCTION = YES;
				GCC_WARN_UNUSED_VARIABLE = YES;
				IPHONEOS_DEPLOYMENT_TARGET = 8.4;
				MTL_ENABLE_DEBUG_INFO = NO;
				SDKROOT = iphoneos;
				VALIDATE_PRODUCT = YES;
			};
			name = Release;
		};
		6486EE051BDE1EDF004B5DCF /* Debug */ = {
			isa = XCBuildConfiguration;
			baseConfigurationReference = 085111784507581E296C430A /* Pods.debug.xcconfig */;
			buildSettings = {
				ASSETCATALOG_COMPILER_APPICON_NAME = AppIcon;
				CODE_SIGN_IDENTITY = "iPhone Developer";
				"CODE_SIGN_IDENTITY[sdk=iphoneos*]" = "iPhone Developer";
				EMBEDDED_CONTENT_CONTAINS_SWIFT = "$(inherited)";
				HEADER_SEARCH_PATHS = "$(inherited)";
				INFOPLIST_FILE = mahjong_scorere/Info.plist;
				LD_RUNPATH_SEARCH_PATHS = "$(inherited) @executable_path/Frameworks";
				LIBRARY_SEARCH_PATHS = "$(inherited)";
				OTHER_LDFLAGS = (
					"$(inherited)",
					"-ObjC",
					"-framework",
					"\"Bolts\"",
					"-framework",
					"\"Charts\"",
					"-framework",
					"\"PNChartSwift\"",
					"-framework",
					"\"Parse\"",
					"-framework",
					"\"Realm\"",
					"-framework",
					"\"RealmSwift\"",
					"$(inherited)",
				);
				PODS_ROOT = "$(inherited)";
				PRODUCT_BUNDLE_IDENTIFIER = "com.mito.$(PRODUCT_NAME:rfc1034identifier)";
				PRODUCT_NAME = "$(TARGET_NAME)";
				PROVISIONING_PROFILE = "";
				SWIFT_OBJC_BRIDGING_HEADER = mahjong_scorere/mahjong_scorere_Bridging_Header.h;
				TARGETED_DEVICE_FAMILY = 1;
			};
			name = Debug;
		};
		6486EE061BDE1EDF004B5DCF /* Release */ = {
			isa = XCBuildConfiguration;
			baseConfigurationReference = 8F1ADD5A0D80CFD9362051C7 /* Pods.release.xcconfig */;
			buildSettings = {
				ASSETCATALOG_COMPILER_APPICON_NAME = AppIcon;
				CODE_SIGN_IDENTITY = "iPhone Developer";
				"CODE_SIGN_IDENTITY[sdk=iphoneos*]" = "iPhone Developer";
				EMBEDDED_CONTENT_CONTAINS_SWIFT = "$(inherited)";
				HEADER_SEARCH_PATHS = "$(inherited)";
				INFOPLIST_FILE = mahjong_scorere/Info.plist;
				LD_RUNPATH_SEARCH_PATHS = "$(inherited) @executable_path/Frameworks";
				LIBRARY_SEARCH_PATHS = "$(inherited)";
				OTHER_LDFLAGS = (
					"$(inherited)",
					"-ObjC",
					"-framework",
					"\"Bolts\"",
					"-framework",
					"\"Charts\"",
					"-framework",
					"\"PNChartSwift\"",
					"-framework",
					"\"Parse\"",
					"-framework",
					"\"Realm\"",
					"-framework",
					"\"RealmSwift\"",
					"$(inherited)",
				);
				PODS_ROOT = "$(inherited)";
				PRODUCT_BUNDLE_IDENTIFIER = "com.mito.$(PRODUCT_NAME:rfc1034identifier)";
				PRODUCT_NAME = "$(TARGET_NAME)";
				PROVISIONING_PROFILE = "";
				SWIFT_OBJC_BRIDGING_HEADER = mahjong_scorere/mahjong_scorere_Bridging_Header.h;
				TARGETED_DEVICE_FAMILY = 1;
			};
			name = Release;
		};
		6486EE081BDE1EDF004B5DCF /* Debug */ = {
			isa = XCBuildConfiguration;
			baseConfigurationReference = 781F9013CB7B8BEEA8CF02AE /* Pods-mahjong_scorereTests.debug.xcconfig */;
			buildSettings = {
				BUNDLE_LOADER = "$(TEST_HOST)";
				FRAMEWORK_SEARCH_PATHS = (
					"$(SDKROOT)/Developer/Library/Frameworks",
					"$(inherited)",
				);
				GCC_PREPROCESSOR_DEFINITIONS = (
					"DEBUG=1",
					"$(inherited)",
				);
				INFOPLIST_FILE = mahjong_scorereTests/Info.plist;
				LD_RUNPATH_SEARCH_PATHS = "$(inherited) @executable_path/Frameworks @loader_path/Frameworks";
				PRODUCT_BUNDLE_IDENTIFIER = "com.mito.$(PRODUCT_NAME:rfc1034identifier)";
				PRODUCT_NAME = "$(TARGET_NAME)";
				TEST_HOST = "$(BUILT_PRODUCTS_DIR)/mahjong_scorere.app/mahjong_scorere";
			};
			name = Debug;
		};
		6486EE091BDE1EDF004B5DCF /* Release */ = {
			isa = XCBuildConfiguration;
			baseConfigurationReference = A1A2215B8D0498EC88A1EB0B /* Pods-mahjong_scorereTests.release.xcconfig */;
			buildSettings = {
				BUNDLE_LOADER = "$(TEST_HOST)";
				FRAMEWORK_SEARCH_PATHS = (
					"$(SDKROOT)/Developer/Library/Frameworks",
					"$(inherited)",
				);
				INFOPLIST_FILE = mahjong_scorereTests/Info.plist;
				LD_RUNPATH_SEARCH_PATHS = "$(inherited) @executable_path/Frameworks @loader_path/Frameworks";
				PRODUCT_BUNDLE_IDENTIFIER = "com.mito.$(PRODUCT_NAME:rfc1034identifier)";
				PRODUCT_NAME = "$(TARGET_NAME)";
				TEST_HOST = "$(BUILT_PRODUCTS_DIR)/mahjong_scorere.app/mahjong_scorere";
			};
			name = Release;
		};
/* End XCBuildConfiguration section */

/* Begin XCConfigurationList section */
		6486EDDD1BDE1EDF004B5DCF /* Build configuration list for PBXProject "mahjong_scorere" */ = {
			isa = XCConfigurationList;
			buildConfigurations = (
				6486EE021BDE1EDF004B5DCF /* Debug */,
				6486EE031BDE1EDF004B5DCF /* Release */,
			);
			defaultConfigurationIsVisible = 0;
			defaultConfigurationName = Release;
		};
		6486EE041BDE1EDF004B5DCF /* Build configuration list for PBXNativeTarget "mahjong_scorere" */ = {
			isa = XCConfigurationList;
			buildConfigurations = (
				6486EE051BDE1EDF004B5DCF /* Debug */,
				6486EE061BDE1EDF004B5DCF /* Release */,
			);
			defaultConfigurationIsVisible = 0;
			defaultConfigurationName = Release;
		};
		6486EE071BDE1EDF004B5DCF /* Build configuration list for PBXNativeTarget "mahjong_scorereTests" */ = {
			isa = XCConfigurationList;
			buildConfigurations = (
				6486EE081BDE1EDF004B5DCF /* Debug */,
				6486EE091BDE1EDF004B5DCF /* Release */,
			);
			defaultConfigurationIsVisible = 0;
			defaultConfigurationName = Release;
		};
/* End XCConfigurationList section */

/* Begin XCVersionGroup section */
		6486EDE91BDE1EDF004B5DCF /* mahjong_scorere.xcdatamodeld */ = {
			isa = XCVersionGroup;
			children = (
				6486EDEA1BDE1EDF004B5DCF /* mahjong_scorere.xcdatamodel */,
			);
			currentVersion = 6486EDEA1BDE1EDF004B5DCF /* mahjong_scorere.xcdatamodel */;
			path = mahjong_scorere.xcdatamodeld;
			sourceTree = "<group>";
			versionGroupType = wrapper.xcdatamodel;
		};
/* End XCVersionGroup section */
	};
	rootObject = 6486EDDA1BDE1EDF004B5DCF /* Project object */;
}
